// !$*UTF8*$!
{
	archiveVersion = 1;
	classes = {
	};
	objectVersion = 50;
	objects = {

/* Begin PBXBuildFile section */
		EB032A3E21B84BC7002FA159 /* AppDelegate.swift in Sources */ = {isa = PBXBuildFile; fileRef = EB032A3D21B84BC7002FA159 /* AppDelegate.swift */; };
		EB032A4321B84BC7002FA159 /* Main.storyboard in Resources */ = {isa = PBXBuildFile; fileRef = EB032A4121B84BC7002FA159 /* Main.storyboard */; };
		EB032A4521B84BC9002FA159 /* Assets.xcassets in Resources */ = {isa = PBXBuildFile; fileRef = EB032A4421B84BC9002FA159 /* Assets.xcassets */; };
		EB032A4821B84BC9002FA159 /* LaunchScreen.storyboard in Resources */ = {isa = PBXBuildFile; fileRef = EB032A4621B84BC9002FA159 /* LaunchScreen.storyboard */; };
		EB032A5221B84C60002FA159 /* TableViewController.swift in Sources */ = {isa = PBXBuildFile; fileRef = EB032A5121B84C60002FA159 /* TableViewController.swift */; };
		EB032A5421B84C72002FA159 /* Person.swift in Sources */ = {isa = PBXBuildFile; fileRef = EB032A5321B84C72002FA159 /* Person.swift */; };
		EB032A5721B84C93002FA159 /* Model.swift in Sources */ = {isa = PBXBuildFile; fileRef = EB032A5621B84C93002FA159 /* Model.swift */; };
		EB032A5921B84CA7002FA159 /* SWAPI.swift in Sources */ = {isa = PBXBuildFile; fileRef = EB032A5821B84CA7002FA159 /* SWAPI.swift */; };
		EB032A5B21B84CBE002FA159 /* TableViewCell.swift in Sources */ = {isa = PBXBuildFile; fileRef = EB032A5A21B84CBE002FA159 /* TableViewCell.swift */; };
		EB032A5D21B84CDC002FA159 /* PersonSearchResult.swift in Sources */ = {isa = PBXBuildFile; fileRef = EB032A5C21B84CDC002FA159 /* PersonSearchResult.swift */; };
/* End PBXBuildFile section */

/* Begin PBXFileReference section */
		EB032A3A21B84BC7002FA159 /* SWAPI.app */ = {isa = PBXFileReference; explicitFileType = wrapper.application; includeInIndex = 0; path = SWAPI.app; sourceTree = BUILT_PRODUCTS_DIR; };
		EB032A3D21B84BC7002FA159 /* AppDelegate.swift */ = {isa = PBXFileReference; lastKnownFileType = sourcecode.swift; path = AppDelegate.swift; sourceTree = "<group>"; };
		EB032A4221B84BC7002FA159 /* Base */ = {isa = PBXFileReference; lastKnownFileType = file.storyboard; name = Base; path = Base.lproj/Main.storyboard; sourceTree = "<group>"; };
		EB032A4421B84BC9002FA159 /* Assets.xcassets */ = {isa = PBXFileReference; lastKnownFileType = folder.assetcatalog; path = Assets.xcassets; sourceTree = "<group>"; };
		EB032A4721B84BC9002FA159 /* Base */ = {isa = PBXFileReference; lastKnownFileType = file.storyboard; name = Base; path = Base.lproj/LaunchScreen.storyboard; sourceTree = "<group>"; };
		EB032A4921B84BC9002FA159 /* Info.plist */ = {isa = PBXFileReference; lastKnownFileType = text.plist.xml; path = Info.plist; sourceTree = "<group>"; };
		EB032A5121B84C60002FA159 /* TableViewController.swift */ = {isa = PBXFileReference; lastKnownFileType = sourcecode.swift; path = TableViewController.swift; sourceTree = "<group>"; };
		EB032A5321B84C72002FA159 /* Person.swift */ = {isa = PBXFileReference; lastKnownFileType = sourcecode.swift; path = Person.swift; sourceTree = "<group>"; };
		EB032A5621B84C93002FA159 /* Model.swift */ = {isa = PBXFileReference; lastKnownFileType = sourcecode.swift; path = Model.swift; sourceTree = "<group>"; };
		EB032A5821B84CA7002FA159 /* SWAPI.swift */ = {isa = PBXFileReference; lastKnownFileType = sourcecode.swift; path = SWAPI.swift; sourceTree = "<group>"; };
		EB032A5A21B84CBE002FA159 /* TableViewCell.swift */ = {isa = PBXFileReference; lastKnownFileType = sourcecode.swift; path = TableViewCell.swift; sourceTree = "<group>"; };
		EB032A5C21B84CDC002FA159 /* PersonSearchResult.swift */ = {isa = PBXFileReference; lastKnownFileType = sourcecode.swift; path = PersonSearchResult.swift; sourceTree = "<group>"; };
/* End PBXFileReference section */

/* Begin PBXFrameworksBuildPhase section */
		EB032A3721B84BC7002FA159 /* Frameworks */ = {
			isa = PBXFrameworksBuildPhase;
			buildActionMask = 2147483647;
			files = (
			);
			runOnlyForDeploymentPostprocessing = 0;
		};
/* End PBXFrameworksBuildPhase section */

/* Begin PBXGroup section */
		EB032A3121B84BC7002FA159 = {
			isa = PBXGroup;
			children = (
				EB032A3C21B84BC7002FA159 /* SWAPI */,
				EB032A3B21B84BC7002FA159 /* Products */,
			);
			sourceTree = "<group>";
		};
		EB032A3B21B84BC7002FA159 /* Products */ = {
			isa = PBXGroup;
			children = (
				EB032A3A21B84BC7002FA159 /* SWAPI.app */,
			);
			name = Products;
			sourceTree = "<group>";
		};
		EB032A3C21B84BC7002FA159 /* SWAPI */ = {
			isa = PBXGroup;
			children = (
				EB032A5021B84C37002FA159 /* View Controller */,
				EB032A4F21B84C2F002FA159 /* Model */,
				EB032A3D21B84BC7002FA159 /* AppDelegate.swift */,
				EB032A4121B84BC7002FA159 /* Main.storyboard */,
				EB032A4421B84BC9002FA159 /* Assets.xcassets */,
				EB032A4621B84BC9002FA159 /* LaunchScreen.storyboard */,
				EB032A4921B84BC9002FA159 /* Info.plist */,
			);
			path = SWAPI;
			sourceTree = "<group>";
		};
		EB032A4F21B84C2F002FA159 /* Model */ = {
			isa = PBXGroup;
			children = (
				EB032A5321B84C72002FA159 /* Person.swift */,
				EB032A5621B84C93002FA159 /* Model.swift */,
				EB032A5821B84CA7002FA159 /* SWAPI.swift */,
				EB032A5C21B84CDC002FA159 /* PersonSearchResult.swift */,
			);
			path = Model;
			sourceTree = "<group>";
		};
		EB032A5021B84C37002FA159 /* View Controller */ = {
			isa = PBXGroup;
			children = (
				EB032A5121B84C60002FA159 /* TableViewController.swift */,
				EB032A5A21B84CBE002FA159 /* TableViewCell.swift */,
			);
			path = "View Controller";
			sourceTree = "<group>";
		};
/* End PBXGroup section */

/* Begin PBXNativeTarget section */
		EB032A3921B84BC7002FA159 /* SWAPI */ = {
			isa = PBXNativeTarget;
			buildConfigurationList = EB032A4C21B84BC9002FA159 /* Build configuration list for PBXNativeTarget "SWAPI" */;
			buildPhases = (
				EB032A3621B84BC7002FA159 /* Sources */,
				EB032A3721B84BC7002FA159 /* Frameworks */,
				EB032A3821B84BC7002FA159 /* Resources */,
			);
			buildRules = (
			);
			dependencies = (
			);
			name = SWAPI;
			productName = SWAPI;
			productReference = EB032A3A21B84BC7002FA159 /* SWAPI.app */;
			productType = "com.apple.product-type.application";
		};
/* End PBXNativeTarget section */

/* Begin PBXProject section */
		EB032A3221B84BC7002FA159 /* Project object */ = {
			isa = PBXProject;
			attributes = {
				LastSwiftUpdateCheck = 1010;
				LastUpgradeCheck = 1010;
				ORGANIZATIONNAME = "Iyin Raphael";
				TargetAttributes = {
					EB032A3921B84BC7002FA159 = {
						CreatedOnToolsVersion = 10.1;
					};
				};
			};
			buildConfigurationList = EB032A3521B84BC7002FA159 /* Build configuration list for PBXProject "SWAPI" */;
			compatibilityVersion = "Xcode 9.3";
			developmentRegion = en;
			hasScannedForEncodings = 0;
			knownRegions = (
				en,
				Base,
			);
			mainGroup = EB032A3121B84BC7002FA159;
			productRefGroup = EB032A3B21B84BC7002FA159 /* Products */;
			projectDirPath = "";
			projectRoot = "";
			targets = (
				EB032A3921B84BC7002FA159 /* SWAPI */,
			);
		};
/* End PBXProject section */

/* Begin PBXResourcesBuildPhase section */
		EB032A3821B84BC7002FA159 /* Resources */ = {
			isa = PBXResourcesBuildPhase;
			buildActionMask = 2147483647;
			files = (
				EB032A4821B84BC9002FA159 /* LaunchScreen.storyboard in Resources */,
				EB032A4521B84BC9002FA159 /* Assets.xcassets in Resources */,
				EB032A4321B84BC7002FA159 /* Main.storyboard in Resources */,
			);
			runOnlyForDeploymentPostprocessing = 0;
		};
/* End PBXResourcesBuildPhase section */

/* Begin PBXSourcesBuildPhase section */
		EB032A3621B84BC7002FA159 /* Sources */ = {
			isa = PBXSourcesBuildPhase;
			buildActionMask = 2147483647;
			files = (
				EB032A5421B84C72002FA159 /* Person.swift in Sources */,
				EB032A3E21B84BC7002FA159 /* AppDelegate.swift in Sources */,
				EB032A5D21B84CDC002FA159 /* PersonSearchResult.swift in Sources */,
				EB032A5221B84C60002FA159 /* TableViewController.swift in Sources */,
				EB032A5B21B84CBE002FA159 /* TableViewCell.swift in Sources */,
				EB032A5921B84CA7002FA159 /* SWAPI.swift in Sources */,
				EB032A5721B84C93002FA159 /* Model.swift in Sources */,
			);
			runOnlyForDeploymentPostprocessing = 0;
		};
/* End PBXSourcesBuildPhase section */

/* Begin PBXVariantGroup section */
		EB032A4121B84BC7002FA159 /* Main.storyboard */ = {
			isa = PBXVariantGroup;
			children = (
				EB032A4221B84BC7002FA159 /* Base */,
			);
			name = Main.storyboard;
			sourceTree = "<group>";
		};
		EB032A4621B84BC9002FA159 /* LaunchScreen.storyboard */ = {
			isa = PBXVariantGroup;
			children = (
				EB032A4721B84BC9002FA159 /* Base */,
			);
			name = LaunchScreen.storyboard;
			sourceTree = "<group>";
		};
/* End PBXVariantGroup section */

/* Begin XCBuildConfiguration section */
		EB032A4A21B84BC9002FA159 /* Debug */ = {
			isa = XCBuildConfiguration;
			buildSettings = {
				ALWAYS_SEARCH_USER_PATHS = NO;
				CLANG_ANALYZER_NONNULL = YES;
				CLANG_ANALYZER_NUMBER_OBJECT_CONVERSION = YES_AGGRESSIVE;
				CLANG_CXX_LANGUAGE_STANDARD = "gnu++14";
				CLANG_CXX_LIBRARY = "libc++";
				CLANG_ENABLE_MODULES = YES;
				CLANG_ENABLE_OBJC_ARC = YES;
				CLANG_ENABLE_OBJC_WEAK = YES;
				CLANG_WARN_BLOCK_CAPTURE_AUTORELEASING = YES;
				CLANG_WARN_BOOL_CONVERSION = YES;
				CLANG_WARN_COMMA = YES;
				CLANG_WARN_CONSTANT_CONVERSION = YES;
				CLANG_WARN_DEPRECATED_OBJC_IMPLEMENTATIONS = YES;
				CLANG_WARN_DIRECT_OBJC_ISA_USAGE = YES_ERROR;
				CLANG_WARN_DOCUMENTATION_COMMENTS = YES;
				CLANG_WARN_EMPTY_BODY = YES;
				CLANG_WARN_ENUM_CONVERSION = YES;
				CLANG_WARN_INFINITE_RECURSION = YES;
				CLANG_WARN_INT_CONVERSION = YES;
				CLANG_WARN_NON_LITERAL_NULL_CONVERSION = YES;
				CLANG_WARN_OBJC_IMPLICIT_RETAIN_SELF = YES;
				CLANG_WARN_OBJC_LITERAL_CONVERSION = YES;
				CLANG_WARN_OBJC_ROOT_CLASS = YES_ERROR;
				CLANG_WARN_RANGE_LOOP_ANALYSIS = YES;
				CLANG_WARN_STRICT_PROTOTYPES = YES;
				CLANG_WARN_SUSPICIOUS_MOVE = YES;
				CLANG_WARN_UNGUARDED_AVAILABILITY = YES_AGGRESSIVE;
				CLANG_WARN_UNREACHABLE_CODE = YES;
				CLANG_WARN__DUPLICATE_METHOD_MATCH = YES;
				CODE_SIGN_IDENTITY = "iPhone Developer";
				COPY_PHASE_STRIP = NO;
				DEBUG_INFORMATION_FORMAT = dwarf;
				ENABLE_STRICT_OBJC_MSGSEND = YES;
				ENABLE_TESTABILITY = YES;
				GCC_C_LANGUAGE_STANDARD = gnu11;
				GCC_DYNAMIC_NO_PIC = NO;
				GCC_NO_COMMON_BLOCKS = YES;
				GCC_OPTIMIZATION_LEVEL = 0;
				GCC_PREPROCESSOR_DEFINITIONS = (
					"DEBUG=1",
					"$(inherited)",
				);
				GCC_WARN_64_TO_32_BIT_CONVERSION = YES;
				GCC_WARN_ABOUT_RETURN_TYPE = YES_ERROR;
				GCC_WARN_UNDECLARED_SELECTOR = YES;
				GCC_WARN_UNINITIALIZED_AUTOS = YES_AGGRESSIVE;
				GCC_WARN_UNUSED_FUNCTION = YES;
				GCC_WARN_UNUSED_VARIABLE = YES;
				IPHONEOS_DEPLOYMENT_TARGET = 12.1;
				MTL_ENABLE_DEBUG_INFO = INCLUDE_SOURCE;
				MTL_FAST_MATH = YES;
				ONLY_ACTIVE_ARCH = YES;
				SDKROOT = iphoneos;
				SWIFT_ACTIVE_COMPILATION_CONDITIONS = DEBUG;
				SWIFT_OPTIMIZATION_LEVEL = "-Onone";
			};
			name = Debug;
		};
		EB032A4B21B84BC9002FA159 /* Release */ = {
			isa = XCBuildConfiguration;
			buildSettings = {
				ALWAYS_SEARCH_USER_PATHS = NO;
				CLANG_ANALYZER_NONNULL = YES;
				CLANG_ANALYZER_NUMBER_OBJECT_CONVERSION = YES_AGGRESSIVE;
				CLANG_CXX_LANGUAGE_STANDARD = "gnu++14";
				CLANG_CXX_LIBRARY = "libc++";
				CLANG_ENABLE_MODULES = YES;
				CLANG_ENABLE_OBJC_ARC = YES;
				CLANG_ENABLE_OBJC_WEAK = YES;
				CLANG_WARN_BLOCK_CAPTURE_AUTORELEASING = YES;
				CLANG_WARN_BOOL_CONVERSION = YES;
				CLANG_WARN_COMMA = YES;
				CLANG_WARN_CONSTANT_CONVERSION = YES;
				CLANG_WARN_DEPRECATED_OBJC_IMPLEMENTATIONS = YES;
				CLANG_WARN_DIRECT_OBJC_ISA_USAGE = YES_ERROR;
				CLANG_WARN_DOCUMENTATION_COMMENTS = YES;
				CLANG_WARN_EMPTY_BODY = YES;
				CLANG_WARN_ENUM_CONVERSION = YES;
				CLANG_WARN_INFINITE_RECURSION = YES;
				CLANG_WARN_INT_CONVERSION = YES;
				CLANG_WARN_NON_LITERAL_NULL_CONVERSION = YES;
				CLANG_WARN_OBJC_IMPLICIT_RETAIN_SELF = YES;
				CLANG_WARN_OBJC_LITERAL_CONVERSION = YES;
				CLANG_WARN_OBJC_ROOT_CLASS = YES_ERROR;
				CLANG_WARN_RANGE_LOOP_ANALYSIS = YES;
				CLANG_WARN_STRICT_PROTOTYPES = YES;
				CLANG_WARN_SUSPICIOUS_MOVE = YES;
				CLANG_WARN_UNGUARDED_AVAILABILITY = YES_AGGRESSIVE;
				CLANG_WARN_UNREACHABLE_CODE = YES;
				CLANG_WARN__DUPLICATE_METHOD_MATCH = YES;
				CODE_SIGN_IDENTITY = "iPhone Developer";
				COPY_PHASE_STRIP = NO;
				DEBUG_INFORMATION_FORMAT = "dwarf-with-dsym";
				ENABLE_NS_ASSERTIONS = NO;
				ENABLE_STRICT_OBJC_MSGSEND = YES;
				GCC_C_LANGUAGE_STANDARD = gnu11;
				GCC_NO_COMMON_BLOCKS = YES;
				GCC_WARN_64_TO_32_BIT_CONVERSION = YES;
				GCC_WARN_ABOUT_RETURN_TYPE = YES_ERROR;
				GCC_WARN_UNDECLARED_SELECTOR = YES;
				GCC_WARN_UNINITIALIZED_AUTOS = YES_AGGRESSIVE;
				GCC_WARN_UNUSED_FUNCTION = YES;
				GCC_WARN_UNUSED_VARIABLE = YES;
				IPHONEOS_DEPLOYMENT_TARGET = 12.1;
				MTL_ENABLE_DEBUG_INFO = NO;
				MTL_FAST_MATH = YES;
				SDKROOT = iphoneos;
				SWIFT_COMPILATION_MODE = wholemodule;
				SWIFT_OPTIMIZATION_LEVEL = "-O";
				VALIDATE_PRODUCT = YES;
			};
			name = Release;
		};
		EB032A4D21B84BC9002FA159 /* Debug */ = {
			isa = XCBuildConfiguration;
			buildSettings = {
				ASSETCATALOG_COMPILER_APPICON_NAME = AppIcon;
				CODE_SIGN_STYLE = Automatic;
				INFOPLIST_FILE = SWAPI/Info.plist;
				LD_RUNPATH_SEARCH_PATHS = (
					"$(inherited)",
					"@executable_path/Frameworks",
				);
				PRODUCT_BUNDLE_IDENTIFIER = com.iyinraphael.SWAPI;
				PRODUCT_NAME = "$(TARGET_NAME)";
				SWIFT_VERSION = 4.2;
				TARGETED_DEVICE_FAMILY = "1,2";
			};
			name = Debug;
		};
		EB032A4E21B84BC9002FA159 /* Release */ = {
			isa = XCBuildConfiguration;
			buildSettings = {
				ASSETCATALOG_COMPILER_APPICON_NAME = AppIcon;
				CODE_SIGN_STYLE = Automatic;
				INFOPLIST_FILE = SWAPI/Info.plist;
				LD_RUNPATH_SEARCH_PATHS = (
					"$(inherited)",
					"@executable_path/Frameworks",
				);
				PRODUCT_BUNDLE_IDENTIFIER = com.iyinraphael.SWAPI;
				PRODUCT_NAME = "$(TARGET_NAME)";
				SWIFT_VERSION = 4.2;
				TARGETED_DEVICE_FAMILY = "1,2";
			};
			name = Release;
		};
/* End XCBuildConfiguration section */

/* Begin XCConfigurationList section */
		EB032A3521B84BC7002FA159 /* Build configuration list for PBXProject "SWAPI" */ = {
			isa = XCConfigurationList;
			buildConfigurations = (
				EB032A4A21B84BC9002FA159 /* Debug */,
				EB032A4B21B84BC9002FA159 /* Release */,
			);
			defaultConfigurationIsVisible = 0;
			defaultConfigurationName = Release;
		};
		EB032A4C21B84BC9002FA159 /* Build configuration list for PBXNativeTarget "SWAPI" */ = {
			isa = XCConfigurationList;
			buildConfigurations = (
				EB032A4D21B84BC9002FA159 /* Debug */,
				EB032A4E21B84BC9002FA159 /* Release */,
			);
			defaultConfigurationIsVisible = 0;
			defaultConfigurationName = Release;
		};
/* End XCConfigurationList section */
	};
	rootObject = EB032A3221B84BC7002FA159 /* Project object */;
}
